
Microsoft Visual Studio Solution File, Format Version 12.00
# Visual Studio 15
VisualStudioVersion = 15.0.27004.2002
MinimumVisualStudioVersion = 10.0.40219.1
Project("{FAE04EC0-301F-11D3-BF4B-00C04F79EFBC}") = "HelloWorld", "HelloWorld\HelloWorld.csproj", "{668CE024-5767-4C82-B8F7-7D310FECA98A}"
EndProject
Global
	GlobalSection(SolutionConfigurationPlatforms) = preSolution
		Debug|Any CPU = Debug|Any CPU
		Release|Any CPU = Release|Any CPU
	EndGlobalSection
	GlobalSection(ProjectConfigurationPlatforms) = postSolution
		{668CE024-5767-4C82-B8F7-7D310FECA98A}.Debug|Any CPU.ActiveCfg = Debug|Any CPU
		{668CE024-5767-4C82-B8F7-7D310FECA98A}.Debug|Any CPU.Build.0 = Debug|Any CPU
		{668CE024-5767-4C82-B8F7-7D310FECA98A}.Release|Any CPU.ActiveCfg = Release|Any CPU
		{668CE024-5767-4C82-B8F7-7D310FECA98A}.Release|Any CPU.Build.0 = Release|Any CPU
	EndGlobalSection
	GlobalSection(SolutionProperties) = preSolution
		HideSolutionNode = FALSE
	EndGlobalSection
	GlobalSection(ExtensibilityGlobals) = postSolution
		SolutionGuid = {FA290118-4F01-4342-B29E-F151A43518A5}
	EndGlobalSection
EndGlobal
